
Microsoft Visual Studio Solution File, Format Version 12.00
# Visual Studio Version 17
VisualStudioVersion = 17.7.34009.444
MinimumVisualStudioVersion = 10.0.40219.1
Project("{FAE04EC0-301F-11D3-BF4B-00C04F79EFBC}") = "TesteGaragem", "TesteGaragem\TesteGaragem.csproj", "{C1292ADC-D4EA-433A-9B86-EB7B6502E100}"
EndProject
Project("{FAE04EC0-301F-11D3-BF4B-00C04F79EFBC}") = "Domain", "Domain\Domain.csproj", "{D0344C53-13CF-43DD-931A-B9084375C97B}"
EndProject
Project("{FAE04EC0-301F-11D3-BF4B-00C04F79EFBC}") = "Application", "Application\Application.csproj", "{D6CCC8BE-58D4-43B6-9661-16051C469218}"
EndProject
Global
	GlobalSection(SolutionConfigurationPlatforms) = preSolution
		Debug|Any CPU = Debug|Any CPU
		Release|Any CPU = Release|Any CPU
	EndGlobalSection
	GlobalSection(ProjectConfigurationPlatforms) = postSolution
		{C1292ADC-D4EA-433A-9B86-EB7B6502E100}.Debug|Any CPU.ActiveCfg = Debug|Any CPU
		{C1292ADC-D4EA-433A-9B86-EB7B6502E100}.Debug|Any CPU.Build.0 = Debug|Any CPU
		{C1292ADC-D4EA-433A-9B86-EB7B6502E100}.Release|Any CPU.ActiveCfg = Release|Any CPU
		{C1292ADC-D4EA-433A-9B86-EB7B6502E100}.Release|Any CPU.Build.0 = Release|Any CPU
		{D0344C53-13CF-43DD-931A-B9084375C97B}.Debug|Any CPU.ActiveCfg = Debug|Any CPU
		{D0344C53-13CF-43DD-931A-B9084375C97B}.Debug|Any CPU.Build.0 = Debug|Any CPU
		{D0344C53-13CF-43DD-931A-B9084375C97B}.Release|Any CPU.ActiveCfg = Release|Any CPU
		{D0344C53-13CF-43DD-931A-B9084375C97B}.Release|Any CPU.Build.0 = Release|Any CPU
		{D6CCC8BE-58D4-43B6-9661-16051C469218}.Debug|Any CPU.ActiveCfg = Debug|Any CPU
		{D6CCC8BE-58D4-43B6-9661-16051C469218}.Debug|Any CPU.Build.0 = Debug|Any CPU
		{D6CCC8BE-58D4-43B6-9661-16051C469218}.Release|Any CPU.ActiveCfg = Release|Any CPU
		{D6CCC8BE-58D4-43B6-9661-16051C469218}.Release|Any CPU.Build.0 = Release|Any CPU
	EndGlobalSection
	GlobalSection(SolutionProperties) = preSolution
		HideSolutionNode = FALSE
	EndGlobalSection
	GlobalSection(ExtensibilityGlobals) = postSolution
		SolutionGuid = {D699B47A-AA81-4A2C-A05E-C9AE45289DBE}
	EndGlobalSection
EndGlobal
